
Microsoft Visual Studio Solution File, Format Version 12.00
# Visual Studio 2013
VisualStudioVersion = 12.0.31101.0
MinimumVisualStudioVersion = 10.0.40219.1
Project("{FAE04EC0-301F-11D3-BF4B-00C04F79EFBC}") = "WordyFly.Service", "WordyFly.Service\WordyFly.Service.csproj", "{B9C5B970-85BE-4E5F-A182-AB5FAD1E1A4C}"
EndProject
Project("{FAE04EC0-301F-11D3-BF4B-00C04F79EFBC}") = "WordyFly.Service.Tests", "WordyFly.Service.Tests\WordyFly.Service.Tests.csproj", "{57CF6B2F-5EE1-4553-A1F2-6AB9FCD68E18}"
EndProject
Project("{FAE04EC0-301F-11D3-BF4B-00C04F79EFBC}") = "WordFly.Game", "WordFly.Game\WordFly.Game.csproj", "{A1F64EF6-83D0-4B88-BE7F-3096F3911EF9}"
EndProject
Project("{FAE04EC0-301F-11D3-BF4B-00C04F79EFBC}") = "WordFly.Common", "WordFly.Common\WordFly.Common.csproj", "{D670F7DF-6EB9-4434-AF2E-8238A25DD7C3}"
EndProject
Project("{FAE04EC0-301F-11D3-BF4B-00C04F79EFBC}") = "WordFly.Game.Tests", "WordFly.Game.Test\WordFly.Game.Tests.csproj", "{5D0F5441-6513-4157-AE47-6CA749E1C759}"
EndProject
Project("{CC5FD16D-436D-48AD-A40C-5A424C6E3E79}") = "WordFly.CloudService", "WordFly.CloudService\WordFly.CloudService.ccproj", "{4B552CD7-0B18-46AB-804F-478CFAAE0DF5}"
EndProject
Project("{FAE04EC0-301F-11D3-BF4B-00C04F79EFBC}") = "WordFly.Coordinator.WorkerRole", "WordFly.Coordinator.WorkerRole\WordFly.Coordinator.WorkerRole.csproj", "{3B355302-586E-4D81-9493-B826BF8042C6}"
EndProject
Project("{FAE04EC0-301F-11D3-BF4B-00C04F79EFBC}") = "WordFly.AzureStorageAccessLayer", "WordFly.AzureStorageAccessLayer\WordFly.AzureStorageAccessLayer.csproj", "{CC8B6340-EDDD-47FA-8848-5127CD1B723D}"
EndProject
Project("{FAE04EC0-301F-11D3-BF4B-00C04F79EFBC}") = "WordFly.ConfigManager", "WordFly.ConfigManager\WordFly.ConfigManager.csproj", "{803714E3-2FBA-496A-A3DC-9DD3F2BD3FFC}"
EndProject
Global
	GlobalSection(SolutionConfigurationPlatforms) = preSolution
		Debug|Any CPU = Debug|Any CPU
		Release|Any CPU = Release|Any CPU
	EndGlobalSection
	GlobalSection(ProjectConfigurationPlatforms) = postSolution
		{B9C5B970-85BE-4E5F-A182-AB5FAD1E1A4C}.Debug|Any CPU.ActiveCfg = Debug|Any CPU
		{B9C5B970-85BE-4E5F-A182-AB5FAD1E1A4C}.Debug|Any CPU.Build.0 = Debug|Any CPU
		{B9C5B970-85BE-4E5F-A182-AB5FAD1E1A4C}.Release|Any CPU.ActiveCfg = Release|Any CPU
		{B9C5B970-85BE-4E5F-A182-AB5FAD1E1A4C}.Release|Any CPU.Build.0 = Release|Any CPU
		{57CF6B2F-5EE1-4553-A1F2-6AB9FCD68E18}.Debug|Any CPU.ActiveCfg = Debug|Any CPU
		{57CF6B2F-5EE1-4553-A1F2-6AB9FCD68E18}.Debug|Any CPU.Build.0 = Debug|Any CPU
		{57CF6B2F-5EE1-4553-A1F2-6AB9FCD68E18}.Release|Any CPU.ActiveCfg = Release|Any CPU
		{57CF6B2F-5EE1-4553-A1F2-6AB9FCD68E18}.Release|Any CPU.Build.0 = Release|Any CPU
		{A1F64EF6-83D0-4B88-BE7F-3096F3911EF9}.Debug|Any CPU.ActiveCfg = Debug|Any CPU
		{A1F64EF6-83D0-4B88-BE7F-3096F3911EF9}.Debug|Any CPU.Build.0 = Debug|Any CPU
		{A1F64EF6-83D0-4B88-BE7F-3096F3911EF9}.Release|Any CPU.ActiveCfg = Release|Any CPU
		{A1F64EF6-83D0-4B88-BE7F-3096F3911EF9}.Release|Any CPU.Build.0 = Release|Any CPU
		{D670F7DF-6EB9-4434-AF2E-8238A25DD7C3}.Debug|Any CPU.ActiveCfg = Debug|Any CPU
		{D670F7DF-6EB9-4434-AF2E-8238A25DD7C3}.Debug|Any CPU.Build.0 = Debug|Any CPU
		{D670F7DF-6EB9-4434-AF2E-8238A25DD7C3}.Release|Any CPU.ActiveCfg = Release|Any CPU
		{D670F7DF-6EB9-4434-AF2E-8238A25DD7C3}.Release|Any CPU.Build.0 = Release|Any CPU
		{5D0F5441-6513-4157-AE47-6CA749E1C759}.Debug|Any CPU.ActiveCfg = Debug|Any CPU
		{5D0F5441-6513-4157-AE47-6CA749E1C759}.Debug|Any CPU.Build.0 = Debug|Any CPU
		{5D0F5441-6513-4157-AE47-6CA749E1C759}.Release|Any CPU.ActiveCfg = Release|Any CPU
		{5D0F5441-6513-4157-AE47-6CA749E1C759}.Release|Any CPU.Build.0 = Release|Any CPU
		{4B552CD7-0B18-46AB-804F-478CFAAE0DF5}.Debug|Any CPU.ActiveCfg = Debug|Any CPU
		{4B552CD7-0B18-46AB-804F-478CFAAE0DF5}.Debug|Any CPU.Build.0 = Debug|Any CPU
		{4B552CD7-0B18-46AB-804F-478CFAAE0DF5}.Release|Any CPU.ActiveCfg = Release|Any CPU
		{4B552CD7-0B18-46AB-804F-478CFAAE0DF5}.Release|Any CPU.Build.0 = Release|Any CPU
		{3B355302-586E-4D81-9493-B826BF8042C6}.Debug|Any CPU.ActiveCfg = Debug|Any CPU
		{3B355302-586E-4D81-9493-B826BF8042C6}.Debug|Any CPU.Build.0 = Debug|Any CPU
		{3B355302-586E-4D81-9493-B826BF8042C6}.Release|Any CPU.ActiveCfg = Release|Any CPU
		{3B355302-586E-4D81-9493-B826BF8042C6}.Release|Any CPU.Build.0 = Release|Any CPU
		{CC8B6340-EDDD-47FA-8848-5127CD1B723D}.Debug|Any CPU.ActiveCfg = Debug|Any CPU
		{CC8B6340-EDDD-47FA-8848-5127CD1B723D}.Debug|Any CPU.Build.0 = Debug|Any CPU
		{CC8B6340-EDDD-47FA-8848-5127CD1B723D}.Release|Any CPU.ActiveCfg = Release|Any CPU
		{CC8B6340-EDDD-47FA-8848-5127CD1B723D}.Release|Any CPU.Build.0 = Release|Any CPU
		{803714E3-2FBA-496A-A3DC-9DD3F2BD3FFC}.Debug|Any CPU.ActiveCfg = Debug|Any CPU
		{803714E3-2FBA-496A-A3DC-9DD3F2BD3FFC}.Debug|Any CPU.Build.0 = Debug|Any CPU
		{803714E3-2FBA-496A-A3DC-9DD3F2BD3FFC}.Release|Any CPU.ActiveCfg = Release|Any CPU
		{803714E3-2FBA-496A-A3DC-9DD3F2BD3FFC}.Release|Any CPU.Build.0 = Release|Any CPU
	EndGlobalSection
	GlobalSection(SolutionProperties) = preSolution
		HideSolutionNode = FALSE
	EndGlobalSection
EndGlobal
